{
  "name": "open-reservation",
  "version": "1.0.0",
  "lockfileVersion": 1,
  "requires": true,
  "dependencies": {
    "@patternfly/patternfly": {
      "version": "2.68.3",
      "resolved": "https://registry.npmjs.org/@patternfly/patternfly/-/patternfly-2.68.3.tgz",
      "integrity": "sha512-ZsANYyp/AVRaSWAFBnKuoyvVoA1tMT7hh1jHpua0sQYjN4ocuN89MNcNdAJhdawt1Bh+p9OEtDgl4vfKQbJ9RQ=="
    }
  }
}
